// !$*UTF8*$!
{
	archiveVersion = 1;
	classes = {
	};
	objectVersion = 50;
	objects = {

/* Begin PBXBuildFile section */
		519C15A726BA85C3005084D4 /* AppDelegate.swift in Sources */ = {isa = PBXBuildFile; fileRef = 519C15A626BA85C3005084D4 /* AppDelegate.swift */; };
		519C15AE26BA85C3005084D4 /* Main.storyboard in Resources */ = {isa = PBXBuildFile; fileRef = 519C15AC26BA85C3005084D4 /* Main.storyboard */; };
		519C15B026BA85C4005084D4 /* Assets.xcassets in Resources */ = {isa = PBXBuildFile; fileRef = 519C15AF26BA85C4005084D4 /* Assets.xcassets */; };
		519C15B326BA85C4005084D4 /* LaunchScreen.storyboard in Resources */ = {isa = PBXBuildFile; fileRef = 519C15B126BA85C4005084D4 /* LaunchScreen.storyboard */; };
		519C15C026BA92A8005084D4 /* TabBarController.swift in Sources */ = {isa = PBXBuildFile; fileRef = 519C15BF26BA92A8005084D4 /* TabBarController.swift */; };
		519C15C826BA9369005084D4 /* MainViewController.swift in Sources */ = {isa = PBXBuildFile; fileRef = 519C15C626BA9369005084D4 /* MainViewController.swift */; };
		519C15C926BA9369005084D4 /* MainViewController.xib in Resources */ = {isa = PBXBuildFile; fileRef = 519C15C726BA9369005084D4 /* MainViewController.xib */; };
		519C15CC26BA938C005084D4 /* CategoryViewController.swift in Sources */ = {isa = PBXBuildFile; fileRef = 519C15CA26BA938C005084D4 /* CategoryViewController.swift */; };
		519C15CD26BA938C005084D4 /* CategoryViewController.xib in Resources */ = {isa = PBXBuildFile; fileRef = 519C15CB26BA938C005084D4 /* CategoryViewController.xib */; };
		519C15D026BA93AC005084D4 /* SearchViewController.swift in Sources */ = {isa = PBXBuildFile; fileRef = 519C15CE26BA93AC005084D4 /* SearchViewController.swift */; };
		519C15D126BA93AC005084D4 /* SearchViewController.xib in Resources */ = {isa = PBXBuildFile; fileRef = 519C15CF26BA93AC005084D4 /* SearchViewController.xib */; };
		519C15D426BA93CE005084D4 /* ProfileViewController.swift in Sources */ = {isa = PBXBuildFile; fileRef = 519C15D226BA93CE005084D4 /* ProfileViewController.swift */; };
		519C15D526BA93CE005084D4 /* ProfileViewController.xib in Resources */ = {isa = PBXBuildFile; fileRef = 519C15D326BA93CE005084D4 /* ProfileViewController.xib */; };
		519C15D926BAAE9C005084D4 /* BaseViewController.swift in Sources */ = {isa = PBXBuildFile; fileRef = 519C15D726BAAE9C005084D4 /* BaseViewController.swift */; };
		519C15DA26BAAE9C005084D4 /* BaseViewController.xib in Resources */ = {isa = PBXBuildFile; fileRef = 519C15D826BAAE9C005084D4 /* BaseViewController.xib */; };
/* End PBXBuildFile section */

/* Begin PBXFileReference section */
		519C15A326BA85C3005084D4 /* MovieWorld.app */ = {isa = PBXFileReference; explicitFileType = wrapper.application; includeInIndex = 0; path = MovieWorld.app; sourceTree = BUILT_PRODUCTS_DIR; };
		519C15A626BA85C3005084D4 /* AppDelegate.swift */ = {isa = PBXFileReference; lastKnownFileType = sourcecode.swift; path = AppDelegate.swift; sourceTree = "<group>"; };
		519C15AD26BA85C3005084D4 /* Base */ = {isa = PBXFileReference; lastKnownFileType = file.storyboard; name = Base; path = Base.lproj/Main.storyboard; sourceTree = "<group>"; };
		519C15AF26BA85C4005084D4 /* Assets.xcassets */ = {isa = PBXFileReference; lastKnownFileType = folder.assetcatalog; path = Assets.xcassets; sourceTree = "<group>"; };
		519C15B226BA85C4005084D4 /* Base */ = {isa = PBXFileReference; lastKnownFileType = file.storyboard; name = Base; path = Base.lproj/LaunchScreen.storyboard; sourceTree = "<group>"; };
		519C15B426BA85C4005084D4 /* Info.plist */ = {isa = PBXFileReference; lastKnownFileType = text.plist.xml; path = Info.plist; sourceTree = "<group>"; };
		519C15BF26BA92A8005084D4 /* TabBarController.swift */ = {isa = PBXFileReference; lastKnownFileType = sourcecode.swift; path = TabBarController.swift; sourceTree = "<group>"; };
		519C15C626BA9369005084D4 /* MainViewController.swift */ = {isa = PBXFileReference; lastKnownFileType = sourcecode.swift; path = MainViewController.swift; sourceTree = "<group>"; };
		519C15C726BA9369005084D4 /* MainViewController.xib */ = {isa = PBXFileReference; lastKnownFileType = file.xib; path = MainViewController.xib; sourceTree = "<group>"; };
		519C15CA26BA938C005084D4 /* CategoryViewController.swift */ = {isa = PBXFileReference; lastKnownFileType = sourcecode.swift; path = CategoryViewController.swift; sourceTree = "<group>"; };
		519C15CB26BA938C005084D4 /* CategoryViewController.xib */ = {isa = PBXFileReference; lastKnownFileType = file.xib; path = CategoryViewController.xib; sourceTree = "<group>"; };
		519C15CE26BA93AC005084D4 /* SearchViewController.swift */ = {isa = PBXFileReference; lastKnownFileType = sourcecode.swift; path = SearchViewController.swift; sourceTree = "<group>"; };
		519C15CF26BA93AC005084D4 /* SearchViewController.xib */ = {isa = PBXFileReference; lastKnownFileType = file.xib; path = SearchViewController.xib; sourceTree = "<group>"; };
		519C15D226BA93CE005084D4 /* ProfileViewController.swift */ = {isa = PBXFileReference; lastKnownFileType = sourcecode.swift; path = ProfileViewController.swift; sourceTree = "<group>"; };
		519C15D326BA93CE005084D4 /* ProfileViewController.xib */ = {isa = PBXFileReference; lastKnownFileType = file.xib; path = ProfileViewController.xib; sourceTree = "<group>"; };
		519C15D726BAAE9C005084D4 /* BaseViewController.swift */ = {isa = PBXFileReference; lastKnownFileType = sourcecode.swift; path = BaseViewController.swift; sourceTree = "<group>"; };
		519C15D826BAAE9C005084D4 /* BaseViewController.xib */ = {isa = PBXFileReference; lastKnownFileType = file.xib; path = BaseViewController.xib; sourceTree = "<group>"; };
/* End PBXFileReference section */

/* Begin PBXFrameworksBuildPhase section */
		519C15A026BA85C3005084D4 /* Frameworks */ = {
			isa = PBXFrameworksBuildPhase;
			buildActionMask = 2147483647;
			files = (
			);
			runOnlyForDeploymentPostprocessing = 0;
		};
/* End PBXFrameworksBuildPhase section */

/* Begin PBXGroup section */
		519C159A26BA85C3005084D4 = {
			isa = PBXGroup;
			children = (
				519C15A526BA85C3005084D4 /* MovieWorld */,
				519C15A426BA85C3005084D4 /* Products */,
			);
			sourceTree = "<group>";
		};
		519C15A426BA85C3005084D4 /* Products */ = {
			isa = PBXGroup;
			children = (
				519C15A326BA85C3005084D4 /* MovieWorld.app */,
			);
			name = Products;
			sourceTree = "<group>";
		};
		519C15A526BA85C3005084D4 /* MovieWorld */ = {
			isa = PBXGroup;
			children = (
				519C15BD26BA9061005084D4 /* ApplicationLayer */,
				519C15BE26BA9083005084D4 /* BusinessLayer */,
				519C15BC26BA9050005084D4 /* PresentationLayer */,
				519C15BB26BA903E005084D4 /* SupportingFiles */,
				519C15BA26BA9033005084D4 /* Resources */,
			);
			path = MovieWorld;
			sourceTree = "<group>";
		};
		519C15BA26BA9033005084D4 /* Resources */ = {
			isa = PBXGroup;
			children = (
				519C15AF26BA85C4005084D4 /* Assets.xcassets */,
			);
			path = Resources;
			sourceTree = "<group>";
		};
		519C15BB26BA903E005084D4 /* SupportingFiles */ = {
			isa = PBXGroup;
			children = (
				519C15B426BA85C4005084D4 /* Info.plist */,
			);
			path = SupportingFiles;
			sourceTree = "<group>";
		};
		519C15BC26BA9050005084D4 /* PresentationLayer */ = {
			isa = PBXGroup;
			children = (
				519C15DB26BAAEC7005084D4 /* TabBar */,
				519C15D626BAAE87005084D4 /* Base */,
				519C15C226BA92F1005084D4 /* Main */,
				519C15C326BA931A005084D4 /* Category */,
				519C15C426BA9324005084D4 /* Search */,
				519C15C526BA9330005084D4 /* Profile */,
				519C15C126BA92E2005084D4 /* View */,
			);
			path = PresentationLayer;
			sourceTree = "<group>";
		};
		519C15BD26BA9061005084D4 /* ApplicationLayer */ = {
			isa = PBXGroup;
			children = (
				519C15A626BA85C3005084D4 /* AppDelegate.swift */,
			);
			path = ApplicationLayer;
			sourceTree = "<group>";
		};
		519C15BE26BA9083005084D4 /* BusinessLayer */ = {
			isa = PBXGroup;
			children = (
			);
			path = BusinessLayer;
			sourceTree = "<group>";
		};
		519C15C126BA92E2005084D4 /* View */ = {
			isa = PBXGroup;
			children = (
				519C15AC26BA85C3005084D4 /* Main.storyboard */,
				519C15B126BA85C4005084D4 /* LaunchScreen.storyboard */,
			);
			path = View;
			sourceTree = "<group>";
		};
		519C15C226BA92F1005084D4 /* Main */ = {
			isa = PBXGroup;
			children = (
				519C15C626BA9369005084D4 /* MainViewController.swift */,
				519C15C726BA9369005084D4 /* MainViewController.xib */,
			);
			path = Main;
			sourceTree = "<group>";
		};
		519C15C326BA931A005084D4 /* Category */ = {
			isa = PBXGroup;
			children = (
				519C15CA26BA938C005084D4 /* CategoryViewController.swift */,
				519C15CB26BA938C005084D4 /* CategoryViewController.xib */,
			);
			path = Category;
			sourceTree = "<group>";
		};
		519C15C426BA9324005084D4 /* Search */ = {
			isa = PBXGroup;
			children = (
				519C15CE26BA93AC005084D4 /* SearchViewController.swift */,
				519C15CF26BA93AC005084D4 /* SearchViewController.xib */,
			);
			path = Search;
			sourceTree = "<group>";
		};
		519C15C526BA9330005084D4 /* Profile */ = {
			isa = PBXGroup;
			children = (
				519C15D226BA93CE005084D4 /* ProfileViewController.swift */,
				519C15D326BA93CE005084D4 /* ProfileViewController.xib */,
			);
			path = Profile;
			sourceTree = "<group>";
		};
		519C15D626BAAE87005084D4 /* Base */ = {
			isa = PBXGroup;
			children = (
				519C15D726BAAE9C005084D4 /* BaseViewController.swift */,
				519C15D826BAAE9C005084D4 /* BaseViewController.xib */,
			);
			path = Base;
			sourceTree = "<group>";
		};
		519C15DB26BAAEC7005084D4 /* TabBar */ = {
			isa = PBXGroup;
			children = (
				519C15BF26BA92A8005084D4 /* TabBarController.swift */,
			);
			path = TabBar;
			sourceTree = "<group>";
		};
/* End PBXGroup section */

/* Begin PBXNativeTarget section */
		519C15A226BA85C3005084D4 /* MovieWorld */ = {
			isa = PBXNativeTarget;
			buildConfigurationList = 519C15B726BA85C4005084D4 /* Build configuration list for PBXNativeTarget "MovieWorld" */;
			buildPhases = (
				519C159F26BA85C3005084D4 /* Sources */,
				519C15A026BA85C3005084D4 /* Frameworks */,
				519C15A126BA85C3005084D4 /* Resources */,
			);
			buildRules = (
			);
			dependencies = (
			);
			name = MovieWorld;
			productName = MovieWorld;
			productReference = 519C15A326BA85C3005084D4 /* MovieWorld.app */;
			productType = "com.apple.product-type.application";
		};
/* End PBXNativeTarget section */

/* Begin PBXProject section */
		519C159B26BA85C3005084D4 /* Project object */ = {
			isa = PBXProject;
			attributes = {
				LastSwiftUpdateCheck = 1250;
				LastUpgradeCheck = 1250;
				TargetAttributes = {
					519C15A226BA85C3005084D4 = {
						CreatedOnToolsVersion = 12.5;
					};
				};
			};
			buildConfigurationList = 519C159E26BA85C3005084D4 /* Build configuration list for PBXProject "MovieWorld" */;
			compatibilityVersion = "Xcode 9.3";
			developmentRegion = en;
			hasScannedForEncodings = 0;
			knownRegions = (
				en,
				Base,
			);
			mainGroup = 519C159A26BA85C3005084D4;
			productRefGroup = 519C15A426BA85C3005084D4 /* Products */;
			projectDirPath = "";
			projectRoot = "";
			targets = (
				519C15A226BA85C3005084D4 /* MovieWorld */,
			);
		};
/* End PBXProject section */

/* Begin PBXResourcesBuildPhase section */
		519C15A126BA85C3005084D4 /* Resources */ = {
			isa = PBXResourcesBuildPhase;
			buildActionMask = 2147483647;
			files = (
				519C15D526BA93CE005084D4 /* ProfileViewController.xib in Resources */,
				519C15DA26BAAE9C005084D4 /* BaseViewController.xib in Resources */,
				519C15B326BA85C4005084D4 /* LaunchScreen.storyboard in Resources */,
				519C15B026BA85C4005084D4 /* Assets.xcassets in Resources */,
				519C15D126BA93AC005084D4 /* SearchViewController.xib in Resources */,
				519C15AE26BA85C3005084D4 /* Main.storyboard in Resources */,
				519C15CD26BA938C005084D4 /* CategoryViewController.xib in Resources */,
				519C15C926BA9369005084D4 /* MainViewController.xib in Resources */,
			);
			runOnlyForDeploymentPostprocessing = 0;
		};
/* End PBXResourcesBuildPhase section */

/* Begin PBXSourcesBuildPhase section */
		519C159F26BA85C3005084D4 /* Sources */ = {
			isa = PBXSourcesBuildPhase;
			buildActionMask = 2147483647;
			files = (
				519C15D426BA93CE005084D4 /* ProfileViewController.swift in Sources */,
				519C15D026BA93AC005084D4 /* SearchViewController.swift in Sources */,
				519C15CC26BA938C005084D4 /* CategoryViewController.swift in Sources */,
				519C15C826BA9369005084D4 /* MainViewController.swift in Sources */,
				519C15A726BA85C3005084D4 /* AppDelegate.swift in Sources */,
				519C15D926BAAE9C005084D4 /* BaseViewController.swift in Sources */,
				519C15C026BA92A8005084D4 /* TabBarController.swift in Sources */,
			);
			runOnlyForDeploymentPostprocessing = 0;
		};
/* End PBXSourcesBuildPhase section */

/* Begin PBXVariantGroup section */
		519C15AC26BA85C3005084D4 /* Main.storyboard */ = {
			isa = PBXVariantGroup;
			children = (
				519C15AD26BA85C3005084D4 /* Base */,
			);
			name = Main.storyboard;
			sourceTree = "<group>";
		};
		519C15B126BA85C4005084D4 /* LaunchScreen.storyboard */ = {
			isa = PBXVariantGroup;
			children = (
				519C15B226BA85C4005084D4 /* Base */,
			);
			name = LaunchScreen.storyboard;
			sourceTree = "<group>";
		};
/* End PBXVariantGroup section */

/* Begin XCBuildConfiguration section */
		519C15B526BA85C4005084D4 /* Debug */ = {
			isa = XCBuildConfiguration;
			buildSettings = {
				ALWAYS_SEARCH_USER_PATHS = NO;
				CLANG_ANALYZER_NONNULL = YES;
				CLANG_ANALYZER_NUMBER_OBJECT_CONVERSION = YES_AGGRESSIVE;
				CLANG_CXX_LANGUAGE_STANDARD = "gnu++14";
				CLANG_CXX_LIBRARY = "libc++";
				CLANG_ENABLE_MODULES = YES;
				CLANG_ENABLE_OBJC_ARC = YES;
				CLANG_ENABLE_OBJC_WEAK = YES;
				CLANG_WARN_BLOCK_CAPTURE_AUTORELEASING = YES;
				CLANG_WARN_BOOL_CONVERSION = YES;
				CLANG_WARN_COMMA = YES;
				CLANG_WARN_CONSTANT_CONVERSION = YES;
				CLANG_WARN_DEPRECATED_OBJC_IMPLEMENTATIONS = YES;
				CLANG_WARN_DIRECT_OBJC_ISA_USAGE = YES_ERROR;
				CLANG_WARN_DOCUMENTATION_COMMENTS = YES;
				CLANG_WARN_EMPTY_BODY = YES;
				CLANG_WARN_ENUM_CONVERSION = YES;
				CLANG_WARN_INFINITE_RECURSION = YES;
				CLANG_WARN_INT_CONVERSION = YES;
				CLANG_WARN_NON_LITERAL_NULL_CONVERSION = YES;
				CLANG_WARN_OBJC_IMPLICIT_RETAIN_SELF = YES;
				CLANG_WARN_OBJC_LITERAL_CONVERSION = YES;
				CLANG_WARN_OBJC_ROOT_CLASS = YES_ERROR;
				CLANG_WARN_QUOTED_INCLUDE_IN_FRAMEWORK_HEADER = YES;
				CLANG_WARN_RANGE_LOOP_ANALYSIS = YES;
				CLANG_WARN_STRICT_PROTOTYPES = YES;
				CLANG_WARN_SUSPICIOUS_MOVE = YES;
				CLANG_WARN_UNGUARDED_AVAILABILITY = YES_AGGRESSIVE;
				CLANG_WARN_UNREACHABLE_CODE = YES;
				CLANG_WARN__DUPLICATE_METHOD_MATCH = YES;
				COPY_PHASE_STRIP = NO;
				DEBUG_INFORMATION_FORMAT = dwarf;
				ENABLE_STRICT_OBJC_MSGSEND = YES;
				ENABLE_TESTABILITY = YES;
				GCC_C_LANGUAGE_STANDARD = gnu11;
				GCC_DYNAMIC_NO_PIC = NO;
				GCC_NO_COMMON_BLOCKS = YES;
				GCC_OPTIMIZATION_LEVEL = 0;
				GCC_PREPROCESSOR_DEFINITIONS = (
					"DEBUG=1",
					"$(inherited)",
				);
				GCC_WARN_64_TO_32_BIT_CONVERSION = YES;
				GCC_WARN_ABOUT_RETURN_TYPE = YES_ERROR;
				GCC_WARN_UNDECLARED_SELECTOR = YES;
				GCC_WARN_UNINITIALIZED_AUTOS = YES_AGGRESSIVE;
				GCC_WARN_UNUSED_FUNCTION = YES;
				GCC_WARN_UNUSED_VARIABLE = YES;
				IPHONEOS_DEPLOYMENT_TARGET = 14.5;
				MTL_ENABLE_DEBUG_INFO = INCLUDE_SOURCE;
				MTL_FAST_MATH = YES;
				ONLY_ACTIVE_ARCH = YES;
				SDKROOT = iphoneos;
				SWIFT_ACTIVE_COMPILATION_CONDITIONS = DEBUG;
				SWIFT_OPTIMIZATION_LEVEL = "-Onone";
			};
			name = Debug;
		};
		519C15B626BA85C4005084D4 /* Release */ = {
			isa = XCBuildConfiguration;
			buildSettings = {
				ALWAYS_SEARCH_USER_PATHS = NO;
				CLANG_ANALYZER_NONNULL = YES;
				CLANG_ANALYZER_NUMBER_OBJECT_CONVERSION = YES_AGGRESSIVE;
				CLANG_CXX_LANGUAGE_STANDARD = "gnu++14";
				CLANG_CXX_LIBRARY = "libc++";
				CLANG_ENABLE_MODULES = YES;
				CLANG_ENABLE_OBJC_ARC = YES;
				CLANG_ENABLE_OBJC_WEAK = YES;
				CLANG_WARN_BLOCK_CAPTURE_AUTORELEASING = YES;
				CLANG_WARN_BOOL_CONVERSION = YES;
				CLANG_WARN_COMMA = YES;
				CLANG_WARN_CONSTANT_CONVERSION = YES;
				CLANG_WARN_DEPRECATED_OBJC_IMPLEMENTATIONS = YES;
				CLANG_WARN_DIRECT_OBJC_ISA_USAGE = YES_ERROR;
				CLANG_WARN_DOCUMENTATION_COMMENTS = YES;
				CLANG_WARN_EMPTY_BODY = YES;
				CLANG_WARN_ENUM_CONVERSION = YES;
				CLANG_WARN_INFINITE_RECURSION = YES;
				CLANG_WARN_INT_CONVERSION = YES;
				CLANG_WARN_NON_LITERAL_NULL_CONVERSION = YES;
				CLANG_WARN_OBJC_IMPLICIT_RETAIN_SELF = YES;
				CLANG_WARN_OBJC_LITERAL_CONVERSION = YES;
				CLANG_WARN_OBJC_ROOT_CLASS = YES_ERROR;
				CLANG_WARN_QUOTED_INCLUDE_IN_FRAMEWORK_HEADER = YES;
				CLANG_WARN_RANGE_LOOP_ANALYSIS = YES;
				CLANG_WARN_STRICT_PROTOTYPES = YES;
				CLANG_WARN_SUSPICIOUS_MOVE = YES;
				CLANG_WARN_UNGUARDED_AVAILABILITY = YES_AGGRESSIVE;
				CLANG_WARN_UNREACHABLE_CODE = YES;
				CLANG_WARN__DUPLICATE_METHOD_MATCH = YES;
				COPY_PHASE_STRIP = NO;
				DEBUG_INFORMATION_FORMAT = "dwarf-with-dsym";
				ENABLE_NS_ASSERTIONS = NO;
				ENABLE_STRICT_OBJC_MSGSEND = YES;
				GCC_C_LANGUAGE_STANDARD = gnu11;
				GCC_NO_COMMON_BLOCKS = YES;
				GCC_WARN_64_TO_32_BIT_CONVERSION = YES;
				GCC_WARN_ABOUT_RETURN_TYPE = YES_ERROR;
				GCC_WARN_UNDECLARED_SELECTOR = YES;
				GCC_WARN_UNINITIALIZED_AUTOS = YES_AGGRESSIVE;
				GCC_WARN_UNUSED_FUNCTION = YES;
				GCC_WARN_UNUSED_VARIABLE = YES;
				IPHONEOS_DEPLOYMENT_TARGET = 14.5;
				MTL_ENABLE_DEBUG_INFO = NO;
				MTL_FAST_MATH = YES;
				SDKROOT = iphoneos;
				SWIFT_COMPILATION_MODE = wholemodule;
				SWIFT_OPTIMIZATION_LEVEL = "-O";
				VALIDATE_PRODUCT = YES;
			};
			name = Release;
		};
		519C15B826BA85C4005084D4 /* Debug */ = {
			isa = XCBuildConfiguration;
			buildSettings = {
				ASSETCATALOG_COMPILER_APPICON_NAME = AppIcon;
				ASSETCATALOG_COMPILER_GLOBAL_ACCENT_COLOR_NAME = AccentColor;
				CODE_SIGN_STYLE = Automatic;
				DEVELOPMENT_TEAM = 393LSM2T5D;
				INFOPLIST_FILE = MovieWorld/SupportingFiles/Info.plist;
				LD_RUNPATH_SEARCH_PATHS = (
					"$(inherited)",
					"@executable_path/Frameworks",
				);
				PRODUCT_BUNDLE_IDENTIFIER = com.vadim.test.MovieWorld;
				PRODUCT_NAME = "$(TARGET_NAME)";
				SWIFT_VERSION = 5.0;
				TARGETED_DEVICE_FAMILY = "1,2";
			};
			name = Debug;
		};
		519C15B926BA85C4005084D4 /* Release */ = {
			isa = XCBuildConfiguration;
			buildSettings = {
				ASSETCATALOG_COMPILER_APPICON_NAME = AppIcon;
				ASSETCATALOG_COMPILER_GLOBAL_ACCENT_COLOR_NAME = AccentColor;
				CODE_SIGN_STYLE = Automatic;
				DEVELOPMENT_TEAM = 393LSM2T5D;
				INFOPLIST_FILE = MovieWorld/SupportingFiles/Info.plist;
				LD_RUNPATH_SEARCH_PATHS = (
					"$(inherited)",
					"@executable_path/Frameworks",
				);
				PRODUCT_BUNDLE_IDENTIFIER = com.vadim.test.MovieWorld;
				PRODUCT_NAME = "$(TARGET_NAME)";
				SWIFT_VERSION = 5.0;
				TARGETED_DEVICE_FAMILY = "1,2";
			};
			name = Release;
		};
/* End XCBuildConfiguration section */

/* Begin XCConfigurationList section */
		519C159E26BA85C3005084D4 /* Build configuration list for PBXProject "MovieWorld" */ = {
			isa = XCConfigurationList;
			buildConfigurations = (
				519C15B526BA85C4005084D4 /* Debug */,
				519C15B626BA85C4005084D4 /* Release */,
			);
			defaultConfigurationIsVisible = 0;
			defaultConfigurationName = Release;
		};
		519C15B726BA85C4005084D4 /* Build configuration list for PBXNativeTarget "MovieWorld" */ = {
			isa = XCConfigurationList;
			buildConfigurations = (
				519C15B826BA85C4005084D4 /* Debug */,
				519C15B926BA85C4005084D4 /* Release */,
			);
			defaultConfigurationIsVisible = 0;
			defaultConfigurationName = Release;
		};
/* End XCConfigurationList section */
	};
	rootObject = 519C159B26BA85C3005084D4 /* Project object */;
}
