// !$*UTF8*$!
{
	archiveVersion = 1;
	classes = {
	};
	objectVersion = 50;
	objects = {

/* Begin PBXBuildFile section */
		5120E19C26C3C2E60050E7FA /* CastViewController.swift in Sources */ = {isa = PBXBuildFile; fileRef = 5120E19A26C3C2E60050E7FA /* CastViewController.swift */; };
		5120E19D26C3C2E60050E7FA /* CastViewController.xib in Resources */ = {isa = PBXBuildFile; fileRef = 5120E19B26C3C2E60050E7FA /* CastViewController.xib */; };
		5120E1A126C3C50A0050E7FA /* MainCastTableViewCell.swift in Sources */ = {isa = PBXBuildFile; fileRef = 5120E19F26C3C50A0050E7FA /* MainCastTableViewCell.swift */; };
		5120E1A226C3C50A0050E7FA /* MainCastTableViewCell.xib in Resources */ = {isa = PBXBuildFile; fileRef = 5120E1A026C3C50A0050E7FA /* MainCastTableViewCell.xib */; };
		5120E1A626C3C5520050E7FA /* DetailCastViewController.swift in Sources */ = {isa = PBXBuildFile; fileRef = 5120E1A426C3C5520050E7FA /* DetailCastViewController.swift */; };
		5120E1A726C3C5520050E7FA /* DetailCastViewController.xib in Resources */ = {isa = PBXBuildFile; fileRef = 5120E1A526C3C5520050E7FA /* DetailCastViewController.xib */; };
		5120E1AD26C3DC850050E7FA /* CastDetailCollectionViewCell.swift in Sources */ = {isa = PBXBuildFile; fileRef = 5120E1AB26C3DC850050E7FA /* CastDetailCollectionViewCell.swift */; };
		5120E1AE26C3DC850050E7FA /* CastDetailCollectionViewCell.xib in Resources */ = {isa = PBXBuildFile; fileRef = 5120E1AC26C3DC850050E7FA /* CastDetailCollectionViewCell.xib */; };
		5120E1B126C3DCA00050E7FA /* CastDetailTableViewCell.swift in Sources */ = {isa = PBXBuildFile; fileRef = 5120E1AF26C3DCA00050E7FA /* CastDetailTableViewCell.swift */; };
		5120E1B226C3DCA00050E7FA /* CastDetailTableViewCell.xib in Resources */ = {isa = PBXBuildFile; fileRef = 5120E1B026C3DCA00050E7FA /* CastDetailTableViewCell.xib */; };
		516A26BB26BBEAC0008890FB /* MainTableViewCell.swift in Sources */ = {isa = PBXBuildFile; fileRef = 516A26B926BBEAC0008890FB /* MainTableViewCell.swift */; };
		516A26BC26BBEAC0008890FB /* MainTableViewCell.xib in Resources */ = {isa = PBXBuildFile; fileRef = 516A26BA26BBEAC0008890FB /* MainTableViewCell.xib */; };
		516A26BE26BBF412008890FB /* AppConstans.swift in Sources */ = {isa = PBXBuildFile; fileRef = 516A26BD26BBF412008890FB /* AppConstans.swift */; };
		516A26C226BBF599008890FB /* MainCollectionViewCell.swift in Sources */ = {isa = PBXBuildFile; fileRef = 516A26C026BBF599008890FB /* MainCollectionViewCell.swift */; };
		516A26C326BBF599008890FB /* MainCollectionViewCell.xib in Resources */ = {isa = PBXBuildFile; fileRef = 516A26C126BBF599008890FB /* MainCollectionViewCell.xib */; };
		516A26C626BC01C4008890FB /* ModelsMovie.swift in Sources */ = {isa = PBXBuildFile; fileRef = 516A26C526BC01C4008890FB /* ModelsMovie.swift */; };
		516A26C926BC223A008890FB /* UIView+Extension.swift in Sources */ = {isa = PBXBuildFile; fileRef = 516A26C826BC223A008890FB /* UIView+Extension.swift */; };
		516A26CD26BD3A4C008890FB /* CategoryTableViewCell.swift in Sources */ = {isa = PBXBuildFile; fileRef = 516A26CB26BD3A4C008890FB /* CategoryTableViewCell.swift */; };
		516A26CE26BD3A4C008890FB /* CategoryTableViewCell.xib in Resources */ = {isa = PBXBuildFile; fileRef = 516A26CC26BD3A4C008890FB /* CategoryTableViewCell.xib */; };
		516A26D226BD4168008890FB /* ProfileTableViewCell.swift in Sources */ = {isa = PBXBuildFile; fileRef = 516A26D026BD4168008890FB /* ProfileTableViewCell.swift */; };
		516A26D326BD4168008890FB /* ProfileTableViewCell.xib in Resources */ = {isa = PBXBuildFile; fileRef = 516A26D126BD4168008890FB /* ProfileTableViewCell.xib */; };
		516A26D726BD479A008890FB /* DetailMainViewController.swift in Sources */ = {isa = PBXBuildFile; fileRef = 516A26D526BD479A008890FB /* DetailMainViewController.swift */; };
		516A26D826BD479A008890FB /* DetailMainViewController.xib in Resources */ = {isa = PBXBuildFile; fileRef = 516A26D626BD479A008890FB /* DetailMainViewController.xib */; };
		516A26DD26BD49AB008890FB /* DetailMainTableViewCell.swift in Sources */ = {isa = PBXBuildFile; fileRef = 516A26DB26BD49AB008890FB /* DetailMainTableViewCell.swift */; };
		516A26DE26BD49AB008890FB /* DetailMainTableViewCell.xib in Resources */ = {isa = PBXBuildFile; fileRef = 516A26DC26BD49AB008890FB /* DetailMainTableViewCell.xib */; };
		516A26E626BD595E008890FB /* FavoritesViewController.swift in Sources */ = {isa = PBXBuildFile; fileRef = 516A26E426BD595E008890FB /* FavoritesViewController.swift */; };
		516A26E726BD595E008890FB /* FavoritesViewController.xib in Resources */ = {isa = PBXBuildFile; fileRef = 516A26E526BD595E008890FB /* FavoritesViewController.xib */; };
		516A26EA26BD596D008890FB /* HistoryViewController.swift in Sources */ = {isa = PBXBuildFile; fileRef = 516A26E826BD596D008890FB /* HistoryViewController.swift */; };
		516A26EB26BD596D008890FB /* HistoryViewController.xib in Resources */ = {isa = PBXBuildFile; fileRef = 516A26E926BD596D008890FB /* HistoryViewController.xib */; };
		516A26EE26BD597A008890FB /* SettingsViewController.swift in Sources */ = {isa = PBXBuildFile; fileRef = 516A26EC26BD597A008890FB /* SettingsViewController.swift */; };
		516A26EF26BD597A008890FB /* SettingsViewController.xib in Resources */ = {isa = PBXBuildFile; fileRef = 516A26ED26BD597A008890FB /* SettingsViewController.xib */; };
		516A26F226BD5994008890FB /* ReportAProblemViewController.swift in Sources */ = {isa = PBXBuildFile; fileRef = 516A26F026BD5994008890FB /* ReportAProblemViewController.swift */; };
		516A26F326BD5994008890FB /* ReportAProblemViewController.xib in Resources */ = {isa = PBXBuildFile; fileRef = 516A26F126BD5994008890FB /* ReportAProblemViewController.xib */; };
		516A26FA26BD5E81008890FB /* FavoritesTableViewCell.swift in Sources */ = {isa = PBXBuildFile; fileRef = 516A26F826BD5E81008890FB /* FavoritesTableViewCell.swift */; };
		516A26FB26BD5E81008890FB /* FavoritesTableViewCell.xib in Resources */ = {isa = PBXBuildFile; fileRef = 516A26F926BD5E81008890FB /* FavoritesTableViewCell.xib */; };
		516A26FE26BD5EA7008890FB /* HistoryTableViewCell.swift in Sources */ = {isa = PBXBuildFile; fileRef = 516A26FC26BD5EA7008890FB /* HistoryTableViewCell.swift */; };
		516A26FF26BD5EA7008890FB /* HistoryTableViewCell.xib in Resources */ = {isa = PBXBuildFile; fileRef = 516A26FD26BD5EA7008890FB /* HistoryTableViewCell.xib */; };
		516A270226BD5EDA008890FB /* SettingsTableViewCell.swift in Sources */ = {isa = PBXBuildFile; fileRef = 516A270026BD5EDA008890FB /* SettingsTableViewCell.swift */; };
		516A270326BD5EDA008890FB /* SettingsTableViewCell.xib in Resources */ = {isa = PBXBuildFile; fileRef = 516A270126BD5EDA008890FB /* SettingsTableViewCell.xib */; };
		516A270526BD5FD2008890FB /* Collection+Extension.swift in Sources */ = {isa = PBXBuildFile; fileRef = 516A270426BD5FD2008890FB /* Collection+Extension.swift */; };
		516A270926BD66AC008890FB /* SearchTableViewCell.swift in Sources */ = {isa = PBXBuildFile; fileRef = 516A270726BD66AC008890FB /* SearchTableViewCell.swift */; };
		516A270A26BD66AC008890FB /* SearchTableViewCell.xib in Resources */ = {isa = PBXBuildFile; fileRef = 516A270826BD66AC008890FB /* SearchTableViewCell.xib */; };
		516A270F26BD6877008890FB /* DetailCategoryViewController.swift in Sources */ = {isa = PBXBuildFile; fileRef = 516A270D26BD6877008890FB /* DetailCategoryViewController.swift */; };
		516A271026BD6877008890FB /* DetailCategoryViewController.xib in Resources */ = {isa = PBXBuildFile; fileRef = 516A270E26BD6877008890FB /* DetailCategoryViewController.xib */; };
		516A271426BD68D4008890FB /* DetailCategoryTableViewCell.swift in Sources */ = {isa = PBXBuildFile; fileRef = 516A271226BD68D4008890FB /* DetailCategoryTableViewCell.swift */; };
		516A271526BD68D4008890FB /* DetailCategoryTableViewCell.xib in Resources */ = {isa = PBXBuildFile; fileRef = 516A271326BD68D4008890FB /* DetailCategoryTableViewCell.xib */; };
		516A271926C11845008890FB /* SplashViewController.swift in Sources */ = {isa = PBXBuildFile; fileRef = 516A271726C11845008890FB /* SplashViewController.swift */; };
		516A271A26C11845008890FB /* SplashViewController.xib in Resources */ = {isa = PBXBuildFile; fileRef = 516A271826C11845008890FB /* SplashViewController.xib */; };
		516A271E26C1395E008890FB /* FilterViewController.swift in Sources */ = {isa = PBXBuildFile; fileRef = 516A271C26C1395E008890FB /* FilterViewController.swift */; };
		516A271F26C1395E008890FB /* FilterViewController.xib in Resources */ = {isa = PBXBuildFile; fileRef = 516A271D26C1395E008890FB /* FilterViewController.xib */; };
		516A272426C13B24008890FB /* CountryViewController.swift in Sources */ = {isa = PBXBuildFile; fileRef = 516A272226C13B24008890FB /* CountryViewController.swift */; };
		516A272526C13B24008890FB /* CountryViewController.xib in Resources */ = {isa = PBXBuildFile; fileRef = 516A272326C13B24008890FB /* CountryViewController.xib */; };
		516A272926C27C57008890FB /* DetailMoviesViewController.swift in Sources */ = {isa = PBXBuildFile; fileRef = 516A272726C27C57008890FB /* DetailMoviesViewController.swift */; };
		516A272A26C27C57008890FB /* DetailMoviesViewController.xib in Resources */ = {isa = PBXBuildFile; fileRef = 516A272826C27C57008890FB /* DetailMoviesViewController.xib */; };
		516A273326C2A0E0008890FB /* CastCollectionViewCell.swift in Sources */ = {isa = PBXBuildFile; fileRef = 516A273126C2A0E0008890FB /* CastCollectionViewCell.swift */; };
		516A273426C2A0E0008890FB /* CastCollectionViewCell.xib in Resources */ = {isa = PBXBuildFile; fileRef = 516A273226C2A0E0008890FB /* CastCollectionViewCell.xib */; };
		516A273A26C2A460008890FB /* CastTableViewCell.swift in Sources */ = {isa = PBXBuildFile; fileRef = 516A273826C2A460008890FB /* CastTableViewCell.swift */; };
		516A273B26C2A460008890FB /* CastTableViewCell.xib in Resources */ = {isa = PBXBuildFile; fileRef = 516A273926C2A460008890FB /* CastTableViewCell.xib */; };
		516A273E26C2A49B008890FB /* TrailerAndGalleryTableViewCell.swift in Sources */ = {isa = PBXBuildFile; fileRef = 516A273C26C2A49B008890FB /* TrailerAndGalleryTableViewCell.swift */; };
		516A273F26C2A49B008890FB /* TrailerAndGalleryTableViewCell.xib in Resources */ = {isa = PBXBuildFile; fileRef = 516A273D26C2A49B008890FB /* TrailerAndGalleryTableViewCell.xib */; };
		516A274226C2A4CA008890FB /* TrailersAndGalleryCollectionViewCell.swift in Sources */ = {isa = PBXBuildFile; fileRef = 516A274026C2A4CA008890FB /* TrailersAndGalleryCollectionViewCell.swift */; };
		516A274326C2A4CA008890FB /* TrailersAndGalleryCollectionViewCell.xib in Resources */ = {isa = PBXBuildFile; fileRef = 516A274126C2A4CA008890FB /* TrailersAndGalleryCollectionViewCell.xib */; };
		519C15A726BA85C3005084D4 /* AppDelegate.swift in Sources */ = {isa = PBXBuildFile; fileRef = 519C15A626BA85C3005084D4 /* AppDelegate.swift */; };
		519C15B026BA85C4005084D4 /* Assets.xcassets in Resources */ = {isa = PBXBuildFile; fileRef = 519C15AF26BA85C4005084D4 /* Assets.xcassets */; };
		519C15B326BA85C4005084D4 /* LaunchScreen.storyboard in Resources */ = {isa = PBXBuildFile; fileRef = 519C15B126BA85C4005084D4 /* LaunchScreen.storyboard */; };
		519C15C026BA92A8005084D4 /* TabBarController.swift in Sources */ = {isa = PBXBuildFile; fileRef = 519C15BF26BA92A8005084D4 /* TabBarController.swift */; };
		519C15C826BA9369005084D4 /* MainViewController.swift in Sources */ = {isa = PBXBuildFile; fileRef = 519C15C626BA9369005084D4 /* MainViewController.swift */; };
		519C15C926BA9369005084D4 /* MainViewController.xib in Resources */ = {isa = PBXBuildFile; fileRef = 519C15C726BA9369005084D4 /* MainViewController.xib */; };
		519C15CC26BA938C005084D4 /* CategoryViewController.swift in Sources */ = {isa = PBXBuildFile; fileRef = 519C15CA26BA938C005084D4 /* CategoryViewController.swift */; };
		519C15CD26BA938C005084D4 /* CategoryViewController.xib in Resources */ = {isa = PBXBuildFile; fileRef = 519C15CB26BA938C005084D4 /* CategoryViewController.xib */; };
		519C15D026BA93AC005084D4 /* SearchViewController.swift in Sources */ = {isa = PBXBuildFile; fileRef = 519C15CE26BA93AC005084D4 /* SearchViewController.swift */; };
		519C15D126BA93AC005084D4 /* SearchViewController.xib in Resources */ = {isa = PBXBuildFile; fileRef = 519C15CF26BA93AC005084D4 /* SearchViewController.xib */; };
		519C15D426BA93CE005084D4 /* ProfileViewController.swift in Sources */ = {isa = PBXBuildFile; fileRef = 519C15D226BA93CE005084D4 /* ProfileViewController.swift */; };
		519C15D526BA93CE005084D4 /* ProfileViewController.xib in Resources */ = {isa = PBXBuildFile; fileRef = 519C15D326BA93CE005084D4 /* ProfileViewController.xib */; };
		519C15D926BAAE9C005084D4 /* BaseViewController.swift in Sources */ = {isa = PBXBuildFile; fileRef = 519C15D726BAAE9C005084D4 /* BaseViewController.swift */; };
/* End PBXBuildFile section */

/* Begin PBXFileReference section */
		5120E19A26C3C2E60050E7FA /* CastViewController.swift */ = {isa = PBXFileReference; lastKnownFileType = sourcecode.swift; path = CastViewController.swift; sourceTree = "<group>"; };
		5120E19B26C3C2E60050E7FA /* CastViewController.xib */ = {isa = PBXFileReference; lastKnownFileType = file.xib; path = CastViewController.xib; sourceTree = "<group>"; };
		5120E19F26C3C50A0050E7FA /* MainCastTableViewCell.swift */ = {isa = PBXFileReference; lastKnownFileType = sourcecode.swift; path = MainCastTableViewCell.swift; sourceTree = "<group>"; };
		5120E1A026C3C50A0050E7FA /* MainCastTableViewCell.xib */ = {isa = PBXFileReference; lastKnownFileType = file.xib; path = MainCastTableViewCell.xib; sourceTree = "<group>"; };
		5120E1A426C3C5520050E7FA /* DetailCastViewController.swift */ = {isa = PBXFileReference; lastKnownFileType = sourcecode.swift; path = DetailCastViewController.swift; sourceTree = "<group>"; };
		5120E1A526C3C5520050E7FA /* DetailCastViewController.xib */ = {isa = PBXFileReference; lastKnownFileType = file.xib; path = DetailCastViewController.xib; sourceTree = "<group>"; };
		5120E1AB26C3DC850050E7FA /* CastDetailCollectionViewCell.swift */ = {isa = PBXFileReference; lastKnownFileType = sourcecode.swift; path = CastDetailCollectionViewCell.swift; sourceTree = "<group>"; };
		5120E1AC26C3DC850050E7FA /* CastDetailCollectionViewCell.xib */ = {isa = PBXFileReference; lastKnownFileType = file.xib; path = CastDetailCollectionViewCell.xib; sourceTree = "<group>"; };
		5120E1AF26C3DCA00050E7FA /* CastDetailTableViewCell.swift */ = {isa = PBXFileReference; lastKnownFileType = sourcecode.swift; path = CastDetailTableViewCell.swift; sourceTree = "<group>"; };
		5120E1B026C3DCA00050E7FA /* CastDetailTableViewCell.xib */ = {isa = PBXFileReference; lastKnownFileType = file.xib; path = CastDetailTableViewCell.xib; sourceTree = "<group>"; };
		516A26B926BBEAC0008890FB /* MainTableViewCell.swift */ = {isa = PBXFileReference; lastKnownFileType = sourcecode.swift; path = MainTableViewCell.swift; sourceTree = "<group>"; };
		516A26BA26BBEAC0008890FB /* MainTableViewCell.xib */ = {isa = PBXFileReference; lastKnownFileType = file.xib; path = MainTableViewCell.xib; sourceTree = "<group>"; };
		516A26BD26BBF412008890FB /* AppConstans.swift */ = {isa = PBXFileReference; lastKnownFileType = sourcecode.swift; path = AppConstans.swift; sourceTree = "<group>"; };
		516A26C026BBF599008890FB /* MainCollectionViewCell.swift */ = {isa = PBXFileReference; lastKnownFileType = sourcecode.swift; path = MainCollectionViewCell.swift; sourceTree = "<group>"; };
		516A26C126BBF599008890FB /* MainCollectionViewCell.xib */ = {isa = PBXFileReference; lastKnownFileType = file.xib; path = MainCollectionViewCell.xib; sourceTree = "<group>"; };
		516A26C526BC01C4008890FB /* ModelsMovie.swift */ = {isa = PBXFileReference; lastKnownFileType = sourcecode.swift; path = ModelsMovie.swift; sourceTree = "<group>"; };
		516A26C826BC223A008890FB /* UIView+Extension.swift */ = {isa = PBXFileReference; lastKnownFileType = sourcecode.swift; path = "UIView+Extension.swift"; sourceTree = "<group>"; };
		516A26CB26BD3A4C008890FB /* CategoryTableViewCell.swift */ = {isa = PBXFileReference; lastKnownFileType = sourcecode.swift; path = CategoryTableViewCell.swift; sourceTree = "<group>"; };
		516A26CC26BD3A4C008890FB /* CategoryTableViewCell.xib */ = {isa = PBXFileReference; lastKnownFileType = file.xib; path = CategoryTableViewCell.xib; sourceTree = "<group>"; };
		516A26D026BD4168008890FB /* ProfileTableViewCell.swift */ = {isa = PBXFileReference; lastKnownFileType = sourcecode.swift; path = ProfileTableViewCell.swift; sourceTree = "<group>"; };
		516A26D126BD4168008890FB /* ProfileTableViewCell.xib */ = {isa = PBXFileReference; lastKnownFileType = file.xib; path = ProfileTableViewCell.xib; sourceTree = "<group>"; };
		516A26D526BD479A008890FB /* DetailMainViewController.swift */ = {isa = PBXFileReference; lastKnownFileType = sourcecode.swift; path = DetailMainViewController.swift; sourceTree = "<group>"; };
		516A26D626BD479A008890FB /* DetailMainViewController.xib */ = {isa = PBXFileReference; lastKnownFileType = file.xib; path = DetailMainViewController.xib; sourceTree = "<group>"; };
		516A26DB26BD49AB008890FB /* DetailMainTableViewCell.swift */ = {isa = PBXFileReference; lastKnownFileType = sourcecode.swift; path = DetailMainTableViewCell.swift; sourceTree = "<group>"; };
		516A26DC26BD49AB008890FB /* DetailMainTableViewCell.xib */ = {isa = PBXFileReference; lastKnownFileType = file.xib; path = DetailMainTableViewCell.xib; sourceTree = "<group>"; };
		516A26E426BD595E008890FB /* FavoritesViewController.swift */ = {isa = PBXFileReference; lastKnownFileType = sourcecode.swift; path = FavoritesViewController.swift; sourceTree = "<group>"; };
		516A26E526BD595E008890FB /* FavoritesViewController.xib */ = {isa = PBXFileReference; lastKnownFileType = file.xib; path = FavoritesViewController.xib; sourceTree = "<group>"; };
		516A26E826BD596D008890FB /* HistoryViewController.swift */ = {isa = PBXFileReference; lastKnownFileType = sourcecode.swift; path = HistoryViewController.swift; sourceTree = "<group>"; };
		516A26E926BD596D008890FB /* HistoryViewController.xib */ = {isa = PBXFileReference; lastKnownFileType = file.xib; path = HistoryViewController.xib; sourceTree = "<group>"; };
		516A26EC26BD597A008890FB /* SettingsViewController.swift */ = {isa = PBXFileReference; lastKnownFileType = sourcecode.swift; path = SettingsViewController.swift; sourceTree = "<group>"; };
		516A26ED26BD597A008890FB /* SettingsViewController.xib */ = {isa = PBXFileReference; lastKnownFileType = file.xib; path = SettingsViewController.xib; sourceTree = "<group>"; };
		516A26F026BD5994008890FB /* ReportAProblemViewController.swift */ = {isa = PBXFileReference; lastKnownFileType = sourcecode.swift; path = ReportAProblemViewController.swift; sourceTree = "<group>"; };
		516A26F126BD5994008890FB /* ReportAProblemViewController.xib */ = {isa = PBXFileReference; lastKnownFileType = file.xib; path = ReportAProblemViewController.xib; sourceTree = "<group>"; };
		516A26F826BD5E81008890FB /* FavoritesTableViewCell.swift */ = {isa = PBXFileReference; lastKnownFileType = sourcecode.swift; path = FavoritesTableViewCell.swift; sourceTree = "<group>"; };
		516A26F926BD5E81008890FB /* FavoritesTableViewCell.xib */ = {isa = PBXFileReference; lastKnownFileType = file.xib; path = FavoritesTableViewCell.xib; sourceTree = "<group>"; };
		516A26FC26BD5EA7008890FB /* HistoryTableViewCell.swift */ = {isa = PBXFileReference; lastKnownFileType = sourcecode.swift; path = HistoryTableViewCell.swift; sourceTree = "<group>"; };
		516A26FD26BD5EA7008890FB /* HistoryTableViewCell.xib */ = {isa = PBXFileReference; lastKnownFileType = file.xib; path = HistoryTableViewCell.xib; sourceTree = "<group>"; };
		516A270026BD5EDA008890FB /* SettingsTableViewCell.swift */ = {isa = PBXFileReference; lastKnownFileType = sourcecode.swift; path = SettingsTableViewCell.swift; sourceTree = "<group>"; };
		516A270126BD5EDA008890FB /* SettingsTableViewCell.xib */ = {isa = PBXFileReference; lastKnownFileType = file.xib; path = SettingsTableViewCell.xib; sourceTree = "<group>"; };
		516A270426BD5FD2008890FB /* Collection+Extension.swift */ = {isa = PBXFileReference; lastKnownFileType = sourcecode.swift; path = "Collection+Extension.swift"; sourceTree = "<group>"; };
		516A270726BD66AC008890FB /* SearchTableViewCell.swift */ = {isa = PBXFileReference; lastKnownFileType = sourcecode.swift; path = SearchTableViewCell.swift; sourceTree = "<group>"; };
		516A270826BD66AC008890FB /* SearchTableViewCell.xib */ = {isa = PBXFileReference; lastKnownFileType = file.xib; path = SearchTableViewCell.xib; sourceTree = "<group>"; };
		516A270D26BD6877008890FB /* DetailCategoryViewController.swift */ = {isa = PBXFileReference; lastKnownFileType = sourcecode.swift; path = DetailCategoryViewController.swift; sourceTree = "<group>"; };
		516A270E26BD6877008890FB /* DetailCategoryViewController.xib */ = {isa = PBXFileReference; lastKnownFileType = file.xib; path = DetailCategoryViewController.xib; sourceTree = "<group>"; };
		516A271226BD68D4008890FB /* DetailCategoryTableViewCell.swift */ = {isa = PBXFileReference; lastKnownFileType = sourcecode.swift; path = DetailCategoryTableViewCell.swift; sourceTree = "<group>"; };
		516A271326BD68D4008890FB /* DetailCategoryTableViewCell.xib */ = {isa = PBXFileReference; lastKnownFileType = file.xib; path = DetailCategoryTableViewCell.xib; sourceTree = "<group>"; };
		516A271726C11845008890FB /* SplashViewController.swift */ = {isa = PBXFileReference; lastKnownFileType = sourcecode.swift; path = SplashViewController.swift; sourceTree = "<group>"; };
		516A271826C11845008890FB /* SplashViewController.xib */ = {isa = PBXFileReference; lastKnownFileType = file.xib; path = SplashViewController.xib; sourceTree = "<group>"; };
		516A271C26C1395E008890FB /* FilterViewController.swift */ = {isa = PBXFileReference; lastKnownFileType = sourcecode.swift; path = FilterViewController.swift; sourceTree = "<group>"; };
		516A271D26C1395E008890FB /* FilterViewController.xib */ = {isa = PBXFileReference; lastKnownFileType = file.xib; path = FilterViewController.xib; sourceTree = "<group>"; };
		516A272226C13B24008890FB /* CountryViewController.swift */ = {isa = PBXFileReference; lastKnownFileType = sourcecode.swift; path = CountryViewController.swift; sourceTree = "<group>"; };
		516A272326C13B24008890FB /* CountryViewController.xib */ = {isa = PBXFileReference; lastKnownFileType = file.xib; path = CountryViewController.xib; sourceTree = "<group>"; };
		516A272726C27C57008890FB /* DetailMoviesViewController.swift */ = {isa = PBXFileReference; lastKnownFileType = sourcecode.swift; path = DetailMoviesViewController.swift; sourceTree = "<group>"; };
		516A272826C27C57008890FB /* DetailMoviesViewController.xib */ = {isa = PBXFileReference; lastKnownFileType = file.xib; path = DetailMoviesViewController.xib; sourceTree = "<group>"; };
		516A273126C2A0E0008890FB /* CastCollectionViewCell.swift */ = {isa = PBXFileReference; lastKnownFileType = sourcecode.swift; path = CastCollectionViewCell.swift; sourceTree = "<group>"; };
		516A273226C2A0E0008890FB /* CastCollectionViewCell.xib */ = {isa = PBXFileReference; lastKnownFileType = file.xib; path = CastCollectionViewCell.xib; sourceTree = "<group>"; };
		516A273826C2A460008890FB /* CastTableViewCell.swift */ = {isa = PBXFileReference; lastKnownFileType = sourcecode.swift; path = CastTableViewCell.swift; sourceTree = "<group>"; };
		516A273926C2A460008890FB /* CastTableViewCell.xib */ = {isa = PBXFileReference; lastKnownFileType = file.xib; path = CastTableViewCell.xib; sourceTree = "<group>"; };
		516A273C26C2A49B008890FB /* TrailerAndGalleryTableViewCell.swift */ = {isa = PBXFileReference; lastKnownFileType = sourcecode.swift; path = TrailerAndGalleryTableViewCell.swift; sourceTree = "<group>"; };
		516A273D26C2A49B008890FB /* TrailerAndGalleryTableViewCell.xib */ = {isa = PBXFileReference; lastKnownFileType = file.xib; path = TrailerAndGalleryTableViewCell.xib; sourceTree = "<group>"; };
		516A274026C2A4CA008890FB /* TrailersAndGalleryCollectionViewCell.swift */ = {isa = PBXFileReference; lastKnownFileType = sourcecode.swift; path = TrailersAndGalleryCollectionViewCell.swift; sourceTree = "<group>"; };
		516A274126C2A4CA008890FB /* TrailersAndGalleryCollectionViewCell.xib */ = {isa = PBXFileReference; lastKnownFileType = file.xib; path = TrailersAndGalleryCollectionViewCell.xib; sourceTree = "<group>"; };
		519C15A326BA85C3005084D4 /* MovieWorld.app */ = {isa = PBXFileReference; explicitFileType = wrapper.application; includeInIndex = 0; path = MovieWorld.app; sourceTree = BUILT_PRODUCTS_DIR; };
		519C15A626BA85C3005084D4 /* AppDelegate.swift */ = {isa = PBXFileReference; lastKnownFileType = sourcecode.swift; path = AppDelegate.swift; sourceTree = "<group>"; };
		519C15AF26BA85C4005084D4 /* Assets.xcassets */ = {isa = PBXFileReference; lastKnownFileType = folder.assetcatalog; path = Assets.xcassets; sourceTree = "<group>"; };
		519C15B226BA85C4005084D4 /* Base */ = {isa = PBXFileReference; lastKnownFileType = file.storyboard; name = Base; path = Base.lproj/LaunchScreen.storyboard; sourceTree = "<group>"; };
		519C15B426BA85C4005084D4 /* Info.plist */ = {isa = PBXFileReference; lastKnownFileType = text.plist.xml; path = Info.plist; sourceTree = "<group>"; };
		519C15BF26BA92A8005084D4 /* TabBarController.swift */ = {isa = PBXFileReference; lastKnownFileType = sourcecode.swift; path = TabBarController.swift; sourceTree = "<group>"; };
		519C15C626BA9369005084D4 /* MainViewController.swift */ = {isa = PBXFileReference; lastKnownFileType = sourcecode.swift; path = MainViewController.swift; sourceTree = "<group>"; };
		519C15C726BA9369005084D4 /* MainViewController.xib */ = {isa = PBXFileReference; lastKnownFileType = file.xib; path = MainViewController.xib; sourceTree = "<group>"; };
		519C15CA26BA938C005084D4 /* CategoryViewController.swift */ = {isa = PBXFileReference; lastKnownFileType = sourcecode.swift; path = CategoryViewController.swift; sourceTree = "<group>"; };
		519C15CB26BA938C005084D4 /* CategoryViewController.xib */ = {isa = PBXFileReference; lastKnownFileType = file.xib; path = CategoryViewController.xib; sourceTree = "<group>"; };
		519C15CE26BA93AC005084D4 /* SearchViewController.swift */ = {isa = PBXFileReference; lastKnownFileType = sourcecode.swift; path = SearchViewController.swift; sourceTree = "<group>"; };
		519C15CF26BA93AC005084D4 /* SearchViewController.xib */ = {isa = PBXFileReference; lastKnownFileType = file.xib; path = SearchViewController.xib; sourceTree = "<group>"; };
		519C15D226BA93CE005084D4 /* ProfileViewController.swift */ = {isa = PBXFileReference; lastKnownFileType = sourcecode.swift; path = ProfileViewController.swift; sourceTree = "<group>"; };
		519C15D326BA93CE005084D4 /* ProfileViewController.xib */ = {isa = PBXFileReference; lastKnownFileType = file.xib; path = ProfileViewController.xib; sourceTree = "<group>"; };
		519C15D726BAAE9C005084D4 /* BaseViewController.swift */ = {isa = PBXFileReference; lastKnownFileType = sourcecode.swift; path = BaseViewController.swift; sourceTree = "<group>"; };
/* End PBXFileReference section */

/* Begin PBXFrameworksBuildPhase section */
		519C15A026BA85C3005084D4 /* Frameworks */ = {
			isa = PBXFrameworksBuildPhase;
			buildActionMask = 2147483647;
			files = (
			);
			runOnlyForDeploymentPostprocessing = 0;
		};
/* End PBXFrameworksBuildPhase section */

/* Begin PBXGroup section */
		5120E19926C3C2C30050E7FA /* CastViewController */ = {
			isa = PBXGroup;
			children = (
				5120E19A26C3C2E60050E7FA /* CastViewController.swift */,
				5120E19B26C3C2E60050E7FA /* CastViewController.xib */,
			);
			path = CastViewController;
			sourceTree = "<group>";
		};
		5120E19E26C3C4B80050E7FA /* MainCastTableViewCell */ = {
			isa = PBXGroup;
			children = (
				5120E19F26C3C50A0050E7FA /* MainCastTableViewCell.swift */,
				5120E1A026C3C50A0050E7FA /* MainCastTableViewCell.xib */,
			);
			path = MainCastTableViewCell;
			sourceTree = "<group>";
		};
		5120E1A326C3C5280050E7FA /* DetailCastViewController */ = {
			isa = PBXGroup;
			children = (
				5120E1A426C3C5520050E7FA /* DetailCastViewController.swift */,
				5120E1A526C3C5520050E7FA /* DetailCastViewController.xib */,
			);
			path = DetailCastViewController;
			sourceTree = "<group>";
		};
		5120E1A826C3C5640050E7FA /* MainViewController */ = {
			isa = PBXGroup;
			children = (
				519C15C626BA9369005084D4 /* MainViewController.swift */,
				519C15C726BA9369005084D4 /* MainViewController.xib */,
			);
			path = MainViewController;
			sourceTree = "<group>";
		};
		5120E1A926C3DC4C0050E7FA /* CastDetailTableViewCell */ = {
			isa = PBXGroup;
			children = (
				5120E1AF26C3DCA00050E7FA /* CastDetailTableViewCell.swift */,
				5120E1B026C3DCA00050E7FA /* CastDetailTableViewCell.xib */,
			);
			path = CastDetailTableViewCell;
			sourceTree = "<group>";
		};
		5120E1AA26C3DC590050E7FA /* CastDetailCollectionViewCell */ = {
			isa = PBXGroup;
			children = (
				5120E1AB26C3DC850050E7FA /* CastDetailCollectionViewCell.swift */,
				5120E1AC26C3DC850050E7FA /* CastDetailCollectionViewCell.xib */,
			);
			path = CastDetailCollectionViewCell;
			sourceTree = "<group>";
		};
		516A26B626BBEA53008890FB /* MainTableViewCell */ = {
			isa = PBXGroup;
			children = (
				516A26B926BBEAC0008890FB /* MainTableViewCell.swift */,
				516A26BA26BBEAC0008890FB /* MainTableViewCell.xib */,
			);
			path = MainTableViewCell;
			sourceTree = "<group>";
		};
		516A26BF26BBF578008890FB /* MainCollectionViewCell */ = {
			isa = PBXGroup;
			children = (
				516A26C026BBF599008890FB /* MainCollectionViewCell.swift */,
				516A26C126BBF599008890FB /* MainCollectionViewCell.xib */,
			);
			path = MainCollectionViewCell;
			sourceTree = "<group>";
		};
		516A26C426BC013B008890FB /* Cells */ = {
			isa = PBXGroup;
			children = (
				5120E1AA26C3DC590050E7FA /* CastDetailCollectionViewCell */,
				5120E1A926C3DC4C0050E7FA /* CastDetailTableViewCell */,
				5120E19E26C3C4B80050E7FA /* MainCastTableViewCell */,
				516A273726C2A438008890FB /* TrailersAndGalleryCollectionViewCell */,
				516A273626C2A423008890FB /* TrailersAndGalleryTableViewCell */,
				516A273526C2A413008890FB /* CastTableViewCell */,
				516A273026C2A0B7008890FB /* CastCollectionViewCell */,
				516A26DA26BD4979008890FB /* DetailMainTableViewCell */,
				516A26B626BBEA53008890FB /* MainTableViewCell */,
				516A26BF26BBF578008890FB /* MainCollectionViewCell */,
			);
			path = Cells;
			sourceTree = "<group>";
		};
		516A26C726BC221C008890FB /* Helpers */ = {
			isa = PBXGroup;
			children = (
				516A26C826BC223A008890FB /* UIView+Extension.swift */,
				516A270426BD5FD2008890FB /* Collection+Extension.swift */,
			);
			path = Helpers;
			sourceTree = "<group>";
		};
		516A26CA26BD3A22008890FB /* CategoryTableViewCell */ = {
			isa = PBXGroup;
			children = (
				516A26CB26BD3A4C008890FB /* CategoryTableViewCell.swift */,
				516A26CC26BD3A4C008890FB /* CategoryTableViewCell.xib */,
			);
			path = CategoryTableViewCell;
			sourceTree = "<group>";
		};
		516A26CF26BD414A008890FB /* ProfileTableViewCell */ = {
			isa = PBXGroup;
			children = (
				516A26D026BD4168008890FB /* ProfileTableViewCell.swift */,
				516A26D126BD4168008890FB /* ProfileTableViewCell.xib */,
			);
			path = ProfileTableViewCell;
			sourceTree = "<group>";
		};
		516A26D426BD475A008890FB /* Controllers */ = {
			isa = PBXGroup;
			children = (
				5120E1A826C3C5640050E7FA /* MainViewController */,
				5120E1A326C3C5280050E7FA /* DetailCastViewController */,
				5120E19926C3C2C30050E7FA /* CastViewController */,
				516A272626C27C22008890FB /* DetailMoviesViewController */,
				516A26D926BD4961008890FB /* DetailMainViewController */,
			);
			path = Controllers;
			sourceTree = "<group>";
		};
		516A26D926BD4961008890FB /* DetailMainViewController */ = {
			isa = PBXGroup;
			children = (
				516A26D526BD479A008890FB /* DetailMainViewController.swift */,
				516A26D626BD479A008890FB /* DetailMainViewController.xib */,
			);
			path = DetailMainViewController;
			sourceTree = "<group>";
		};
		516A26DA26BD4979008890FB /* DetailMainTableViewCell */ = {
			isa = PBXGroup;
			children = (
				516A26DB26BD49AB008890FB /* DetailMainTableViewCell.swift */,
				516A26DC26BD49AB008890FB /* DetailMainTableViewCell.xib */,
			);
			path = DetailMainTableViewCell;
			sourceTree = "<group>";
		};
		516A26DF26BD58D8008890FB /* Controllers */ = {
			isa = PBXGroup;
			children = (
				516A26E026BD58E2008890FB /* Favorites */,
				516A26E126BD58F4008890FB /* History */,
				516A26E226BD58FC008890FB /* Settings */,
				516A26E326BD5902008890FB /* ReportAProblem */,
			);
			path = Controllers;
			sourceTree = "<group>";
		};
		516A26E026BD58E2008890FB /* Favorites */ = {
			isa = PBXGroup;
			children = (
				516A26E426BD595E008890FB /* FavoritesViewController.swift */,
				516A26E526BD595E008890FB /* FavoritesViewController.xib */,
			);
			path = Favorites;
			sourceTree = "<group>";
		};
		516A26E126BD58F4008890FB /* History */ = {
			isa = PBXGroup;
			children = (
				516A26E826BD596D008890FB /* HistoryViewController.swift */,
				516A26E926BD596D008890FB /* HistoryViewController.xib */,
			);
			path = History;
			sourceTree = "<group>";
		};
		516A26E226BD58FC008890FB /* Settings */ = {
			isa = PBXGroup;
			children = (
				516A26EC26BD597A008890FB /* SettingsViewController.swift */,
				516A26ED26BD597A008890FB /* SettingsViewController.xib */,
			);
			path = Settings;
			sourceTree = "<group>";
		};
		516A26E326BD5902008890FB /* ReportAProblem */ = {
			isa = PBXGroup;
			children = (
				516A26F026BD5994008890FB /* ReportAProblemViewController.swift */,
				516A26F126BD5994008890FB /* ReportAProblemViewController.xib */,
			);
			path = ReportAProblem;
			sourceTree = "<group>";
		};
		516A26F426BD5DF7008890FB /* Cells */ = {
			isa = PBXGroup;
			children = (
				516A26CF26BD414A008890FB /* ProfileTableViewCell */,
				516A26F526BD5E07008890FB /* FavoritesTableViewCell */,
				516A26F626BD5E1D008890FB /* HistoryTableViewCell */,
				516A26F726BD5E2E008890FB /* SettingsTableViewCell */,
			);
			path = Cells;
			sourceTree = "<group>";
		};
		516A26F526BD5E07008890FB /* FavoritesTableViewCell */ = {
			isa = PBXGroup;
			children = (
				516A26F826BD5E81008890FB /* FavoritesTableViewCell.swift */,
				516A26F926BD5E81008890FB /* FavoritesTableViewCell.xib */,
			);
			path = FavoritesTableViewCell;
			sourceTree = "<group>";
		};
		516A26F626BD5E1D008890FB /* HistoryTableViewCell */ = {
			isa = PBXGroup;
			children = (
				516A26FC26BD5EA7008890FB /* HistoryTableViewCell.swift */,
				516A26FD26BD5EA7008890FB /* HistoryTableViewCell.xib */,
			);
			path = HistoryTableViewCell;
			sourceTree = "<group>";
		};
		516A26F726BD5E2E008890FB /* SettingsTableViewCell */ = {
			isa = PBXGroup;
			children = (
				516A270026BD5EDA008890FB /* SettingsTableViewCell.swift */,
				516A270126BD5EDA008890FB /* SettingsTableViewCell.xib */,
			);
			path = SettingsTableViewCell;
			sourceTree = "<group>";
		};
		516A270626BD6695008890FB /* Cells */ = {
			isa = PBXGroup;
			children = (
				516A270726BD66AC008890FB /* SearchTableViewCell.swift */,
				516A270826BD66AC008890FB /* SearchTableViewCell.xib */,
			);
			path = Cells;
			sourceTree = "<group>";
		};
		516A270B26BD6819008890FB /* Cells */ = {
			isa = PBXGroup;
			children = (
				516A26CA26BD3A22008890FB /* CategoryTableViewCell */,
				516A271126BD689E008890FB /* DetailCategoryTableViewCell */,
			);
			path = Cells;
			sourceTree = "<group>";
		};
		516A270C26BD6821008890FB /* Controllers */ = {
			isa = PBXGroup;
			children = (
				516A270D26BD6877008890FB /* DetailCategoryViewController.swift */,
				516A270E26BD6877008890FB /* DetailCategoryViewController.xib */,
			);
			path = Controllers;
			sourceTree = "<group>";
		};
		516A271126BD689E008890FB /* DetailCategoryTableViewCell */ = {
			isa = PBXGroup;
			children = (
				516A271226BD68D4008890FB /* DetailCategoryTableViewCell.swift */,
				516A271326BD68D4008890FB /* DetailCategoryTableViewCell.xib */,
			);
			path = DetailCategoryTableViewCell;
			sourceTree = "<group>";
		};
		516A271626C1180F008890FB /* Splash */ = {
			isa = PBXGroup;
			children = (
				516A271726C11845008890FB /* SplashViewController.swift */,
				516A271826C11845008890FB /* SplashViewController.xib */,
			);
			path = Splash;
			sourceTree = "<group>";
		};
		516A271B26C1394C008890FB /* Controllers */ = {
			isa = PBXGroup;
			children = (
				516A272026C13AF0008890FB /* FilterViewController */,
				516A272126C13B04008890FB /* CountryViewController */,
			);
			path = Controllers;
			sourceTree = "<group>";
		};
		516A272026C13AF0008890FB /* FilterViewController */ = {
			isa = PBXGroup;
			children = (
				516A271C26C1395E008890FB /* FilterViewController.swift */,
				516A271D26C1395E008890FB /* FilterViewController.xib */,
			);
			path = FilterViewController;
			sourceTree = "<group>";
		};
		516A272126C13B04008890FB /* CountryViewController */ = {
			isa = PBXGroup;
			children = (
				516A272226C13B24008890FB /* CountryViewController.swift */,
				516A272326C13B24008890FB /* CountryViewController.xib */,
			);
			path = CountryViewController;
			sourceTree = "<group>";
		};
		516A272626C27C22008890FB /* DetailMoviesViewController */ = {
			isa = PBXGroup;
			children = (
				516A272726C27C57008890FB /* DetailMoviesViewController.swift */,
				516A272826C27C57008890FB /* DetailMoviesViewController.xib */,
			);
			path = DetailMoviesViewController;
			sourceTree = "<group>";
		};
		516A273026C2A0B7008890FB /* CastCollectionViewCell */ = {
			isa = PBXGroup;
			children = (
				516A273126C2A0E0008890FB /* CastCollectionViewCell.swift */,
				516A273226C2A0E0008890FB /* CastCollectionViewCell.xib */,
			);
			path = CastCollectionViewCell;
			sourceTree = "<group>";
		};
		516A273526C2A413008890FB /* CastTableViewCell */ = {
			isa = PBXGroup;
			children = (
				516A273826C2A460008890FB /* CastTableViewCell.swift */,
				516A273926C2A460008890FB /* CastTableViewCell.xib */,
			);
			path = CastTableViewCell;
			sourceTree = "<group>";
		};
		516A273626C2A423008890FB /* TrailersAndGalleryTableViewCell */ = {
			isa = PBXGroup;
			children = (
				516A273C26C2A49B008890FB /* TrailerAndGalleryTableViewCell.swift */,
				516A273D26C2A49B008890FB /* TrailerAndGalleryTableViewCell.xib */,
			);
			path = TrailersAndGalleryTableViewCell;
			sourceTree = "<group>";
		};
		516A273726C2A438008890FB /* TrailersAndGalleryCollectionViewCell */ = {
			isa = PBXGroup;
			children = (
				516A274026C2A4CA008890FB /* TrailersAndGalleryCollectionViewCell.swift */,
				516A274126C2A4CA008890FB /* TrailersAndGalleryCollectionViewCell.xib */,
			);
			path = TrailersAndGalleryCollectionViewCell;
			sourceTree = "<group>";
		};
		519C159A26BA85C3005084D4 = {
			isa = PBXGroup;
			children = (
				519C15A526BA85C3005084D4 /* MovieWorld */,
				519C15A426BA85C3005084D4 /* Products */,
			);
			sourceTree = "<group>";
		};
		519C15A426BA85C3005084D4 /* Products */ = {
			isa = PBXGroup;
			children = (
				519C15A326BA85C3005084D4 /* MovieWorld.app */,
			);
			name = Products;
			sourceTree = "<group>";
		};
		519C15A526BA85C3005084D4 /* MovieWorld */ = {
			isa = PBXGroup;
			children = (
				519C15BD26BA9061005084D4 /* ApplicationLayer */,
				519C15BE26BA9083005084D4 /* BusinessLayer */,
				519C15BC26BA9050005084D4 /* PresentationLayer */,
				519C15BB26BA903E005084D4 /* SupportingFiles */,
				519C15BA26BA9033005084D4 /* Resources */,
			);
			path = MovieWorld;
			sourceTree = "<group>";
		};
		519C15BA26BA9033005084D4 /* Resources */ = {
			isa = PBXGroup;
			children = (
				519C15AF26BA85C4005084D4 /* Assets.xcassets */,
			);
			path = Resources;
			sourceTree = "<group>";
		};
		519C15BB26BA903E005084D4 /* SupportingFiles */ = {
			isa = PBXGroup;
			children = (
				519C15B426BA85C4005084D4 /* Info.plist */,
			);
			path = SupportingFiles;
			sourceTree = "<group>";
		};
		519C15BC26BA9050005084D4 /* PresentationLayer */ = {
			isa = PBXGroup;
			children = (
				519C15DB26BAAEC7005084D4 /* TabBar */,
				516A271626C1180F008890FB /* Splash */,
				519C15D626BAAE87005084D4 /* Base */,
				519C15C226BA92F1005084D4 /* Main */,
				519C15C326BA931A005084D4 /* Category */,
				519C15C426BA9324005084D4 /* Search */,
				519C15C526BA9330005084D4 /* Profile */,
				519C15C126BA92E2005084D4 /* View */,
			);
			path = PresentationLayer;
			sourceTree = "<group>";
		};
		519C15BD26BA9061005084D4 /* ApplicationLayer */ = {
			isa = PBXGroup;
			children = (
				516A26C726BC221C008890FB /* Helpers */,
				519C15A626BA85C3005084D4 /* AppDelegate.swift */,
				516A26BD26BBF412008890FB /* AppConstans.swift */,
			);
			path = ApplicationLayer;
			sourceTree = "<group>";
		};
		519C15BE26BA9083005084D4 /* BusinessLayer */ = {
			isa = PBXGroup;
			children = (
				516A26C526BC01C4008890FB /* ModelsMovie.swift */,
			);
			path = BusinessLayer;
			sourceTree = "<group>";
		};
		519C15C126BA92E2005084D4 /* View */ = {
			isa = PBXGroup;
			children = (
				519C15B126BA85C4005084D4 /* LaunchScreen.storyboard */,
			);
			path = View;
			sourceTree = "<group>";
		};
		519C15C226BA92F1005084D4 /* Main */ = {
			isa = PBXGroup;
			children = (
				516A26D426BD475A008890FB /* Controllers */,
				516A26C426BC013B008890FB /* Cells */,
			);
			path = Main;
			sourceTree = "<group>";
		};
		519C15C326BA931A005084D4 /* Category */ = {
			isa = PBXGroup;
			children = (
				516A270C26BD6821008890FB /* Controllers */,
				516A270B26BD6819008890FB /* Cells */,
				519C15CA26BA938C005084D4 /* CategoryViewController.swift */,
				519C15CB26BA938C005084D4 /* CategoryViewController.xib */,
			);
			path = Category;
			sourceTree = "<group>";
		};
		519C15C426BA9324005084D4 /* Search */ = {
			isa = PBXGroup;
			children = (
				516A271B26C1394C008890FB /* Controllers */,
				516A270626BD6695008890FB /* Cells */,
				519C15CE26BA93AC005084D4 /* SearchViewController.swift */,
				519C15CF26BA93AC005084D4 /* SearchViewController.xib */,
			);
			path = Search;
			sourceTree = "<group>";
		};
		519C15C526BA9330005084D4 /* Profile */ = {
			isa = PBXGroup;
			children = (
				516A26DF26BD58D8008890FB /* Controllers */,
				516A26F426BD5DF7008890FB /* Cells */,
				519C15D226BA93CE005084D4 /* ProfileViewController.swift */,
				519C15D326BA93CE005084D4 /* ProfileViewController.xib */,
			);
			path = Profile;
			sourceTree = "<group>";
		};
		519C15D626BAAE87005084D4 /* Base */ = {
			isa = PBXGroup;
			children = (
				519C15D726BAAE9C005084D4 /* BaseViewController.swift */,
			);
			path = Base;
			sourceTree = "<group>";
		};
		519C15DB26BAAEC7005084D4 /* TabBar */ = {
			isa = PBXGroup;
			children = (
				519C15BF26BA92A8005084D4 /* TabBarController.swift */,
			);
			path = TabBar;
			sourceTree = "<group>";
		};
/* End PBXGroup section */

/* Begin PBXNativeTarget section */
		519C15A226BA85C3005084D4 /* MovieWorld */ = {
			isa = PBXNativeTarget;
			buildConfigurationList = 519C15B726BA85C4005084D4 /* Build configuration list for PBXNativeTarget "MovieWorld" */;
			buildPhases = (
				519C159F26BA85C3005084D4 /* Sources */,
				519C15A026BA85C3005084D4 /* Frameworks */,
				519C15A126BA85C3005084D4 /* Resources */,
			);
			buildRules = (
			);
			dependencies = (
			);
			name = MovieWorld;
			productName = MovieWorld;
			productReference = 519C15A326BA85C3005084D4 /* MovieWorld.app */;
			productType = "com.apple.product-type.application";
		};
/* End PBXNativeTarget section */

/* Begin PBXProject section */
		519C159B26BA85C3005084D4 /* Project object */ = {
			isa = PBXProject;
			attributes = {
				LastSwiftUpdateCheck = 1250;
				LastUpgradeCheck = 1250;
				TargetAttributes = {
					519C15A226BA85C3005084D4 = {
						CreatedOnToolsVersion = 12.5;
					};
				};
			};
			buildConfigurationList = 519C159E26BA85C3005084D4 /* Build configuration list for PBXProject "MovieWorld" */;
			compatibilityVersion = "Xcode 9.3";
			developmentRegion = en;
			hasScannedForEncodings = 0;
			knownRegions = (
				en,
				Base,
			);
			mainGroup = 519C159A26BA85C3005084D4;
			productRefGroup = 519C15A426BA85C3005084D4 /* Products */;
			projectDirPath = "";
			projectRoot = "";
			targets = (
				519C15A226BA85C3005084D4 /* MovieWorld */,
			);
		};
/* End PBXProject section */

/* Begin PBXResourcesBuildPhase section */
		519C15A126BA85C3005084D4 /* Resources */ = {
			isa = PBXResourcesBuildPhase;
			buildActionMask = 2147483647;
			files = (
				516A272A26C27C57008890FB /* DetailMoviesViewController.xib in Resources */,
				519C15D526BA93CE005084D4 /* ProfileViewController.xib in Resources */,
				519C15B326BA85C4005084D4 /* LaunchScreen.storyboard in Resources */,
				516A271526BD68D4008890FB /* DetailCategoryTableViewCell.xib in Resources */,
				516A273426C2A0E0008890FB /* CastCollectionViewCell.xib in Resources */,
				519C15B026BA85C4005084D4 /* Assets.xcassets in Resources */,
				5120E19D26C3C2E60050E7FA /* CastViewController.xib in Resources */,
				516A271026BD6877008890FB /* DetailCategoryViewController.xib in Resources */,
				516A26CE26BD3A4C008890FB /* CategoryTableViewCell.xib in Resources */,
				516A273B26C2A460008890FB /* CastTableViewCell.xib in Resources */,
				516A272526C13B24008890FB /* CountryViewController.xib in Resources */,
				516A26EF26BD597A008890FB /* SettingsViewController.xib in Resources */,
				516A270326BD5EDA008890FB /* SettingsTableViewCell.xib in Resources */,
				519C15D126BA93AC005084D4 /* SearchViewController.xib in Resources */,
				516A26EB26BD596D008890FB /* HistoryViewController.xib in Resources */,
				516A26BC26BBEAC0008890FB /* MainTableViewCell.xib in Resources */,
				516A270A26BD66AC008890FB /* SearchTableViewCell.xib in Resources */,
				516A26E726BD595E008890FB /* FavoritesViewController.xib in Resources */,
				519C15CD26BA938C005084D4 /* CategoryViewController.xib in Resources */,
				519C15C926BA9369005084D4 /* MainViewController.xib in Resources */,
				516A274326C2A4CA008890FB /* TrailersAndGalleryCollectionViewCell.xib in Resources */,
				516A26C326BBF599008890FB /* MainCollectionViewCell.xib in Resources */,
				516A26F326BD5994008890FB /* ReportAProblemViewController.xib in Resources */,
				516A26D826BD479A008890FB /* DetailMainViewController.xib in Resources */,
				516A26D326BD4168008890FB /* ProfileTableViewCell.xib in Resources */,
				516A26DE26BD49AB008890FB /* DetailMainTableViewCell.xib in Resources */,
				5120E1AE26C3DC850050E7FA /* CastDetailCollectionViewCell.xib in Resources */,
				516A26FF26BD5EA7008890FB /* HistoryTableViewCell.xib in Resources */,
				516A271A26C11845008890FB /* SplashViewController.xib in Resources */,
				516A271F26C1395E008890FB /* FilterViewController.xib in Resources */,
				5120E1A226C3C50A0050E7FA /* MainCastTableViewCell.xib in Resources */,
				516A273F26C2A49B008890FB /* TrailerAndGalleryTableViewCell.xib in Resources */,
				5120E1A726C3C5520050E7FA /* DetailCastViewController.xib in Resources */,
				516A26FB26BD5E81008890FB /* FavoritesTableViewCell.xib in Resources */,
				5120E1B226C3DCA00050E7FA /* CastDetailTableViewCell.xib in Resources */,
			);
			runOnlyForDeploymentPostprocessing = 0;
		};
/* End PBXResourcesBuildPhase section */

/* Begin PBXSourcesBuildPhase section */
		519C159F26BA85C3005084D4 /* Sources */ = {
			isa = PBXSourcesBuildPhase;
			buildActionMask = 2147483647;
			files = (
				516A26BE26BBF412008890FB /* AppConstans.swift in Sources */,
				5120E1B126C3DCA00050E7FA /* CastDetailTableViewCell.swift in Sources */,
				516A270526BD5FD2008890FB /* Collection+Extension.swift in Sources */,
				516A26D226BD4168008890FB /* ProfileTableViewCell.swift in Sources */,
				516A272926C27C57008890FB /* DetailMoviesViewController.swift in Sources */,
				516A272426C13B24008890FB /* CountryViewController.swift in Sources */,
				5120E19C26C3C2E60050E7FA /* CastViewController.swift in Sources */,
				519C15D426BA93CE005084D4 /* ProfileViewController.swift in Sources */,
				516A26DD26BD49AB008890FB /* DetailMainTableViewCell.swift in Sources */,
				519C15D026BA93AC005084D4 /* SearchViewController.swift in Sources */,
				5120E1A126C3C50A0050E7FA /* MainCastTableViewCell.swift in Sources */,
				516A26EE26BD597A008890FB /* SettingsViewController.swift in Sources */,
				516A273326C2A0E0008890FB /* CastCollectionViewCell.swift in Sources */,
				516A270F26BD6877008890FB /* DetailCategoryViewController.swift in Sources */,
				516A26BB26BBEAC0008890FB /* MainTableViewCell.swift in Sources */,
				519C15CC26BA938C005084D4 /* CategoryViewController.swift in Sources */,
				516A274226C2A4CA008890FB /* TrailersAndGalleryCollectionViewCell.swift in Sources */,
				516A26FE26BD5EA7008890FB /* HistoryTableViewCell.swift in Sources */,
				516A273E26C2A49B008890FB /* TrailerAndGalleryTableViewCell.swift in Sources */,
				516A26C626BC01C4008890FB /* ModelsMovie.swift in Sources */,
				516A26E626BD595E008890FB /* FavoritesViewController.swift in Sources */,
				516A26F226BD5994008890FB /* ReportAProblemViewController.swift in Sources */,
				516A273A26C2A460008890FB /* CastTableViewCell.swift in Sources */,
				516A26C926BC223A008890FB /* UIView+Extension.swift in Sources */,
				516A271426BD68D4008890FB /* DetailCategoryTableViewCell.swift in Sources */,
				5120E1A626C3C5520050E7FA /* DetailCastViewController.swift in Sources */,
				516A271E26C1395E008890FB /* FilterViewController.swift in Sources */,
				5120E1AD26C3DC850050E7FA /* CastDetailCollectionViewCell.swift in Sources */,
				519C15C826BA9369005084D4 /* MainViewController.swift in Sources */,
				516A26FA26BD5E81008890FB /* FavoritesTableViewCell.swift in Sources */,
				519C15A726BA85C3005084D4 /* AppDelegate.swift in Sources */,
				516A271926C11845008890FB /* SplashViewController.swift in Sources */,
				516A26C226BBF599008890FB /* MainCollectionViewCell.swift in Sources */,
				516A26D726BD479A008890FB /* DetailMainViewController.swift in Sources */,
				516A270926BD66AC008890FB /* SearchTableViewCell.swift in Sources */,
				519C15D926BAAE9C005084D4 /* BaseViewController.swift in Sources */,
				516A26EA26BD596D008890FB /* HistoryViewController.swift in Sources */,
				516A270226BD5EDA008890FB /* SettingsTableViewCell.swift in Sources */,
				516A26CD26BD3A4C008890FB /* CategoryTableViewCell.swift in Sources */,
				519C15C026BA92A8005084D4 /* TabBarController.swift in Sources */,
			);
			runOnlyForDeploymentPostprocessing = 0;
		};
/* End PBXSourcesBuildPhase section */

/* Begin PBXVariantGroup section */
		519C15B126BA85C4005084D4 /* LaunchScreen.storyboard */ = {
			isa = PBXVariantGroup;
			children = (
				519C15B226BA85C4005084D4 /* Base */,
			);
			name = LaunchScreen.storyboard;
			sourceTree = "<group>";
		};
/* End PBXVariantGroup section */

/* Begin XCBuildConfiguration section */
		519C15B526BA85C4005084D4 /* Debug */ = {
			isa = XCBuildConfiguration;
			buildSettings = {
				ALWAYS_SEARCH_USER_PATHS = NO;
				CLANG_ANALYZER_NONNULL = YES;
				CLANG_ANALYZER_NUMBER_OBJECT_CONVERSION = YES_AGGRESSIVE;
				CLANG_CXX_LANGUAGE_STANDARD = "gnu++14";
				CLANG_CXX_LIBRARY = "libc++";
				CLANG_ENABLE_MODULES = YES;
				CLANG_ENABLE_OBJC_ARC = YES;
				CLANG_ENABLE_OBJC_WEAK = YES;
				CLANG_WARN_BLOCK_CAPTURE_AUTORELEASING = YES;
				CLANG_WARN_BOOL_CONVERSION = YES;
				CLANG_WARN_COMMA = YES;
				CLANG_WARN_CONSTANT_CONVERSION = YES;
				CLANG_WARN_DEPRECATED_OBJC_IMPLEMENTATIONS = YES;
				CLANG_WARN_DIRECT_OBJC_ISA_USAGE = YES_ERROR;
				CLANG_WARN_DOCUMENTATION_COMMENTS = YES;
				CLANG_WARN_EMPTY_BODY = YES;
				CLANG_WARN_ENUM_CONVERSION = YES;
				CLANG_WARN_INFINITE_RECURSION = YES;
				CLANG_WARN_INT_CONVERSION = YES;
				CLANG_WARN_NON_LITERAL_NULL_CONVERSION = YES;
				CLANG_WARN_OBJC_IMPLICIT_RETAIN_SELF = YES;
				CLANG_WARN_OBJC_LITERAL_CONVERSION = YES;
				CLANG_WARN_OBJC_ROOT_CLASS = YES_ERROR;
				CLANG_WARN_QUOTED_INCLUDE_IN_FRAMEWORK_HEADER = YES;
				CLANG_WARN_RANGE_LOOP_ANALYSIS = YES;
				CLANG_WARN_STRICT_PROTOTYPES = YES;
				CLANG_WARN_SUSPICIOUS_MOVE = YES;
				CLANG_WARN_UNGUARDED_AVAILABILITY = YES_AGGRESSIVE;
				CLANG_WARN_UNREACHABLE_CODE = YES;
				CLANG_WARN__DUPLICATE_METHOD_MATCH = YES;
				COPY_PHASE_STRIP = NO;
				DEBUG_INFORMATION_FORMAT = dwarf;
				ENABLE_STRICT_OBJC_MSGSEND = YES;
				ENABLE_TESTABILITY = YES;
				GCC_C_LANGUAGE_STANDARD = gnu11;
				GCC_DYNAMIC_NO_PIC = NO;
				GCC_NO_COMMON_BLOCKS = YES;
				GCC_OPTIMIZATION_LEVEL = 0;
				GCC_PREPROCESSOR_DEFINITIONS = (
					"DEBUG=1",
					"$(inherited)",
				);
				GCC_WARN_64_TO_32_BIT_CONVERSION = YES;
				GCC_WARN_ABOUT_RETURN_TYPE = YES_ERROR;
				GCC_WARN_UNDECLARED_SELECTOR = YES;
				GCC_WARN_UNINITIALIZED_AUTOS = YES_AGGRESSIVE;
				GCC_WARN_UNUSED_FUNCTION = YES;
				GCC_WARN_UNUSED_VARIABLE = YES;
				IPHONEOS_DEPLOYMENT_TARGET = 14.5;
				MTL_ENABLE_DEBUG_INFO = INCLUDE_SOURCE;
				MTL_FAST_MATH = YES;
				ONLY_ACTIVE_ARCH = YES;
				SDKROOT = iphoneos;
				SWIFT_ACTIVE_COMPILATION_CONDITIONS = DEBUG;
				SWIFT_OPTIMIZATION_LEVEL = "-Onone";
			};
			name = Debug;
		};
		519C15B626BA85C4005084D4 /* Release */ = {
			isa = XCBuildConfiguration;
			buildSettings = {
				ALWAYS_SEARCH_USER_PATHS = NO;
				CLANG_ANALYZER_NONNULL = YES;
				CLANG_ANALYZER_NUMBER_OBJECT_CONVERSION = YES_AGGRESSIVE;
				CLANG_CXX_LANGUAGE_STANDARD = "gnu++14";
				CLANG_CXX_LIBRARY = "libc++";
				CLANG_ENABLE_MODULES = YES;
				CLANG_ENABLE_OBJC_ARC = YES;
				CLANG_ENABLE_OBJC_WEAK = YES;
				CLANG_WARN_BLOCK_CAPTURE_AUTORELEASING = YES;
				CLANG_WARN_BOOL_CONVERSION = YES;
				CLANG_WARN_COMMA = YES;
				CLANG_WARN_CONSTANT_CONVERSION = YES;
				CLANG_WARN_DEPRECATED_OBJC_IMPLEMENTATIONS = YES;
				CLANG_WARN_DIRECT_OBJC_ISA_USAGE = YES_ERROR;
				CLANG_WARN_DOCUMENTATION_COMMENTS = YES;
				CLANG_WARN_EMPTY_BODY = YES;
				CLANG_WARN_ENUM_CONVERSION = YES;
				CLANG_WARN_INFINITE_RECURSION = YES;
				CLANG_WARN_INT_CONVERSION = YES;
				CLANG_WARN_NON_LITERAL_NULL_CONVERSION = YES;
				CLANG_WARN_OBJC_IMPLICIT_RETAIN_SELF = YES;
				CLANG_WARN_OBJC_LITERAL_CONVERSION = YES;
				CLANG_WARN_OBJC_ROOT_CLASS = YES_ERROR;
				CLANG_WARN_QUOTED_INCLUDE_IN_FRAMEWORK_HEADER = YES;
				CLANG_WARN_RANGE_LOOP_ANALYSIS = YES;
				CLANG_WARN_STRICT_PROTOTYPES = YES;
				CLANG_WARN_SUSPICIOUS_MOVE = YES;
				CLANG_WARN_UNGUARDED_AVAILABILITY = YES_AGGRESSIVE;
				CLANG_WARN_UNREACHABLE_CODE = YES;
				CLANG_WARN__DUPLICATE_METHOD_MATCH = YES;
				COPY_PHASE_STRIP = NO;
				DEBUG_INFORMATION_FORMAT = "dwarf-with-dsym";
				ENABLE_NS_ASSERTIONS = NO;
				ENABLE_STRICT_OBJC_MSGSEND = YES;
				GCC_C_LANGUAGE_STANDARD = gnu11;
				GCC_NO_COMMON_BLOCKS = YES;
				GCC_WARN_64_TO_32_BIT_CONVERSION = YES;
				GCC_WARN_ABOUT_RETURN_TYPE = YES_ERROR;
				GCC_WARN_UNDECLARED_SELECTOR = YES;
				GCC_WARN_UNINITIALIZED_AUTOS = YES_AGGRESSIVE;
				GCC_WARN_UNUSED_FUNCTION = YES;
				GCC_WARN_UNUSED_VARIABLE = YES;
				IPHONEOS_DEPLOYMENT_TARGET = 14.5;
				MTL_ENABLE_DEBUG_INFO = NO;
				MTL_FAST_MATH = YES;
				SDKROOT = iphoneos;
				SWIFT_COMPILATION_MODE = wholemodule;
				SWIFT_OPTIMIZATION_LEVEL = "-O";
				VALIDATE_PRODUCT = YES;
			};
			name = Release;
		};
		519C15B826BA85C4005084D4 /* Debug */ = {
			isa = XCBuildConfiguration;
			buildSettings = {
				ASSETCATALOG_COMPILER_APPICON_NAME = AppIcon;
				ASSETCATALOG_COMPILER_GLOBAL_ACCENT_COLOR_NAME = AccentColor;
				CODE_SIGN_STYLE = Automatic;
				DEVELOPMENT_TEAM = 393LSM2T5D;
				INFOPLIST_FILE = MovieWorld/SupportingFiles/Info.plist;
				LD_RUNPATH_SEARCH_PATHS = (
					"$(inherited)",
					"@executable_path/Frameworks",
				);
				PRODUCT_BUNDLE_IDENTIFIER = com.vadim.test.MovieWorld;
				PRODUCT_NAME = "$(TARGET_NAME)";
				SWIFT_VERSION = 5.0;
				TARGETED_DEVICE_FAMILY = "1,2";
			};
			name = Debug;
		};
		519C15B926BA85C4005084D4 /* Release */ = {
			isa = XCBuildConfiguration;
			buildSettings = {
				ASSETCATALOG_COMPILER_APPICON_NAME = AppIcon;
				ASSETCATALOG_COMPILER_GLOBAL_ACCENT_COLOR_NAME = AccentColor;
				CODE_SIGN_STYLE = Automatic;
				DEVELOPMENT_TEAM = 393LSM2T5D;
				INFOPLIST_FILE = MovieWorld/SupportingFiles/Info.plist;
				LD_RUNPATH_SEARCH_PATHS = (
					"$(inherited)",
					"@executable_path/Frameworks",
				);
				PRODUCT_BUNDLE_IDENTIFIER = com.vadim.test.MovieWorld;
				PRODUCT_NAME = "$(TARGET_NAME)";
				SWIFT_VERSION = 5.0;
				TARGETED_DEVICE_FAMILY = "1,2";
			};
			name = Release;
		};
/* End XCBuildConfiguration section */

/* Begin XCConfigurationList section */
		519C159E26BA85C3005084D4 /* Build configuration list for PBXProject "MovieWorld" */ = {
			isa = XCConfigurationList;
			buildConfigurations = (
				519C15B526BA85C4005084D4 /* Debug */,
				519C15B626BA85C4005084D4 /* Release */,
			);
			defaultConfigurationIsVisible = 0;
			defaultConfigurationName = Release;
		};
		519C15B726BA85C4005084D4 /* Build configuration list for PBXNativeTarget "MovieWorld" */ = {
			isa = XCConfigurationList;
			buildConfigurations = (
				519C15B826BA85C4005084D4 /* Debug */,
				519C15B926BA85C4005084D4 /* Release */,
			);
			defaultConfigurationIsVisible = 0;
			defaultConfigurationName = Release;
		};
/* End XCConfigurationList section */
	};
	rootObject = 519C159B26BA85C3005084D4 /* Project object */;
}
